
Microsoft Visual Studio Solution File, Format Version 12.00
# Visual Studio 2013
VisualStudioVersion = 12.0.30723.0
MinimumVisualStudioVersion = 10.0.40219.1
Project("{FAE04EC0-301F-11D3-BF4B-00C04F79EFBC}") = "AntWars", "AntWars\AntWars.csproj", "{9AFF2957-2957-4817-B3F9-8688F1186B1B}"
EndProject
Global
	GlobalSection(SolutionConfigurationPlatforms) = preSolution
		Debug|Any CPU = Debug|Any CPU
		Release|Any CPU = Release|Any CPU
	EndGlobalSection
	GlobalSection(ProjectConfigurationPlatforms) = postSolution
		{9AFF2957-2957-4817-B3F9-8688F1186B1B}.Debug|Any CPU.ActiveCfg = Debug|Any CPU
		{9AFF2957-2957-4817-B3F9-8688F1186B1B}.Debug|Any CPU.Build.0 = Debug|Any CPU
		{9AFF2957-2957-4817-B3F9-8688F1186B1B}.Release|Any CPU.ActiveCfg = Release|Any CPU
		{9AFF2957-2957-4817-B3F9-8688F1186B1B}.Release|Any CPU.Build.0 = Release|Any CPU
	EndGlobalSection
	GlobalSection(SolutionProperties) = preSolution
		HideSolutionNode = FALSE
	EndGlobalSection
EndGlobal
